
Microsoft Visual Studio Solution File, Format Version 12.00
# Visual Studio Version 17
VisualStudioVersion = 17.6.33829.357
MinimumVisualStudioVersion = 10.0.40219.1
Project("{9A19103F-16F7-4668-BE54-9A1E7A4F7556}") = "EventTicketSystem", "EventTicketSystem\EventTicketSystem.csproj", "{ABBDBCD8-C5D8-4219-A14B-9177E10BA9A6}"
EndProject
Global
	GlobalSection(SolutionConfigurationPlatforms) = preSolution
		Debug|Any CPU = Debug|Any CPU
		Release|Any CPU = Release|Any CPU
	EndGlobalSection
	GlobalSection(ProjectConfigurationPlatforms) = postSolution
		{ABBDBCD8-C5D8-4219-A14B-9177E10BA9A6}.Debug|Any CPU.ActiveCfg = Debug|Any CPU
		{ABBDBCD8-C5D8-4219-A14B-9177E10BA9A6}.Debug|Any CPU.Build.0 = Debug|Any CPU
		{ABBDBCD8-C5D8-4219-A14B-9177E10BA9A6}.Release|Any CPU.ActiveCfg = Release|Any CPU
		{ABBDBCD8-C5D8-4219-A14B-9177E10BA9A6}.Release|Any CPU.Build.0 = Release|Any CPU
	EndGlobalSection
	GlobalSection(SolutionProperties) = preSolution
		HideSolutionNode = FALSE
	EndGlobalSection
	GlobalSection(ExtensibilityGlobals) = postSolution
		SolutionGuid = {0ECADDB9-CBB9-41D2-BB40-C18414A35121}
	EndGlobalSection
EndGlobal
